
Microsoft Visual Studio Solution File, Format Version 12.00
# Visual Studio 14
VisualStudioVersion = 14.0.25420.1
MinimumVisualStudioVersion = 10.0.40219.1
Project("{FAE04EC0-301F-11D3-BF4B-00C04F79EFBC}") = "Solution-Level-Packages", "Solution-Level-Packages\Solution-Level-Packages.csproj", "{AD1F49C6-0856-4AE3-8FE3-6C0D2544C0C7}"
EndProject
Project("{2150E333-8FDC-42A3-9474-1A3956D46DE8}") = "Documents", "Documents", "{6B95119C-2389-44B9-BCEB-AAD90195B13B}"
	ProjectSection(SolutionItems) = preProject
		ReadMe.md = ReadMe.md
	EndProjectSection
EndProject
Global
	GlobalSection(SolutionConfigurationPlatforms) = preSolution
		Debug|Any CPU = Debug|Any CPU
		Release|Any CPU = Release|Any CPU
	EndGlobalSection
	GlobalSection(ProjectConfigurationPlatforms) = postSolution
		{AD1F49C6-0856-4AE3-8FE3-6C0D2544C0C7}.Debug|Any CPU.ActiveCfg = Debug|Any CPU
		{AD1F49C6-0856-4AE3-8FE3-6C0D2544C0C7}.Debug|Any CPU.Build.0 = Debug|Any CPU
		{AD1F49C6-0856-4AE3-8FE3-6C0D2544C0C7}.Release|Any CPU.ActiveCfg = Debug|Any CPU
		{AD1F49C6-0856-4AE3-8FE3-6C0D2544C0C7}.Release|Any CPU.Build.0 = Debug|Any CPU
	EndGlobalSection
	GlobalSection(SolutionProperties) = preSolution
		HideSolutionNode = FALSE
	EndGlobalSection
EndGlobal
